
Microsoft Visual Studio Solution File, Format Version 12.00
# Visual Studio Version 16
VisualStudioVersion = 16.0.30621.155
MinimumVisualStudioVersion = 10.0.40219.1
Project("{FAE04EC0-301F-11D3-BF4B-00C04F79EFBC}") = "StrucDemo", "StrucDemo\StrucDemo.csproj", "{9EC99833-19DE-4568-86FF-540FAC922CEB}"
EndProject
Global
	GlobalSection(SolutionConfigurationPlatforms) = preSolution
		Debug|Any CPU = Debug|Any CPU
		Release|Any CPU = Release|Any CPU
	EndGlobalSection
	GlobalSection(ProjectConfigurationPlatforms) = postSolution
		{9EC99833-19DE-4568-86FF-540FAC922CEB}.Debug|Any CPU.ActiveCfg = Debug|Any CPU
		{9EC99833-19DE-4568-86FF-540FAC922CEB}.Debug|Any CPU.Build.0 = Debug|Any CPU
		{9EC99833-19DE-4568-86FF-540FAC922CEB}.Release|Any CPU.ActiveCfg = Release|Any CPU
		{9EC99833-19DE-4568-86FF-540FAC922CEB}.Release|Any CPU.Build.0 = Release|Any CPU
	EndGlobalSection
	GlobalSection(SolutionProperties) = preSolution
		HideSolutionNode = FALSE
	EndGlobalSection
	GlobalSection(ExtensibilityGlobals) = postSolution
		SolutionGuid = {99899905-D888-4F6B-A97C-3F4B1C8CBC89}
	EndGlobalSection
EndGlobal
